
Microsoft Visual Studio Solution File, Format Version 12.00
# Visual Studio 14
VisualStudioVersion = 14.0.23107.0
MinimumVisualStudioVersion = 10.0.40219.1
Project("{FAE04EC0-301F-11D3-BF4B-00C04F79EFBC}") = "webAPI", "Projet-DB\webAPI.csproj", "{5D5AB661-473B-453C-8E96-68EEBEA3E995}"
EndProject
Project("{FAE04EC0-301F-11D3-BF4B-00C04F79EFBC}") = "ModelLibrary", "ModelLibrary\ModelLibrary.csproj", "{5FE744AD-C0D4-4604-B663-E4F2184E00B5}"
EndProject
Global
	GlobalSection(SolutionConfigurationPlatforms) = preSolution
		Debug|Any CPU = Debug|Any CPU
		Release|Any CPU = Release|Any CPU
	EndGlobalSection
	GlobalSection(ProjectConfigurationPlatforms) = postSolution
		{5D5AB661-473B-453C-8E96-68EEBEA3E995}.Debug|Any CPU.ActiveCfg = Debug|Any CPU
		{5D5AB661-473B-453C-8E96-68EEBEA3E995}.Debug|Any CPU.Build.0 = Debug|Any CPU
		{5D5AB661-473B-453C-8E96-68EEBEA3E995}.Release|Any CPU.ActiveCfg = Release|Any CPU
		{5D5AB661-473B-453C-8E96-68EEBEA3E995}.Release|Any CPU.Build.0 = Release|Any CPU
		{5FE744AD-C0D4-4604-B663-E4F2184E00B5}.Debug|Any CPU.ActiveCfg = Debug|Any CPU
		{5FE744AD-C0D4-4604-B663-E4F2184E00B5}.Debug|Any CPU.Build.0 = Debug|Any CPU
		{5FE744AD-C0D4-4604-B663-E4F2184E00B5}.Release|Any CPU.ActiveCfg = Release|Any CPU
		{5FE744AD-C0D4-4604-B663-E4F2184E00B5}.Release|Any CPU.Build.0 = Release|Any CPU
	EndGlobalSection
	GlobalSection(SolutionProperties) = preSolution
		HideSolutionNode = FALSE
	EndGlobalSection
EndGlobal
